
Microsoft Visual Studio Solution File, Format Version 12.00
# Visual Studio 14
VisualStudioVersion = 14.0.25420.1
MinimumVisualStudioVersion = 10.0.40219.1
Project("{8BC9CEB8-8B4A-11D0-8D11-00A0C91BC942}") = "Client", "Client\Client.vcxproj", "{722E60F5-1FD2-40C8-B23C-FAC79EE6CFF5}"
EndProject
Project("{8BC9CEB8-8B4A-11D0-8D11-00A0C91BC942}") = "Sniffer", "Sniffer\Sniffer.vcxproj", "{6D4F5028-0E38-40BC-AEA5-48C2A207CFF6}"
EndProject
Project("{8BC9CEB8-8B4A-11D0-8D11-00A0C91BC942}") = "PacketSender", "PacketSender\PacketSender.vcxproj", "{152DEC70-F85C-4BCB-A53E-3633B2206759}"
EndProject
Global
	GlobalSection(SolutionConfigurationPlatforms) = preSolution
		Debug|x64 = Debug|x64
		Debug|x86 = Debug|x86
		Release|x64 = Release|x64
		Release|x86 = Release|x86
	EndGlobalSection
	GlobalSection(ProjectConfigurationPlatforms) = postSolution
		{722E60F5-1FD2-40C8-B23C-FAC79EE6CFF5}.Debug|x64.ActiveCfg = Debug|x64
		{722E60F5-1FD2-40C8-B23C-FAC79EE6CFF5}.Debug|x64.Build.0 = Debug|x64
		{722E60F5-1FD2-40C8-B23C-FAC79EE6CFF5}.Debug|x86.ActiveCfg = Debug|Win32
		{722E60F5-1FD2-40C8-B23C-FAC79EE6CFF5}.Debug|x86.Build.0 = Debug|Win32
		{722E60F5-1FD2-40C8-B23C-FAC79EE6CFF5}.Release|x64.ActiveCfg = Release|x64
		{722E60F5-1FD2-40C8-B23C-FAC79EE6CFF5}.Release|x64.Build.0 = Release|x64
		{722E60F5-1FD2-40C8-B23C-FAC79EE6CFF5}.Release|x86.ActiveCfg = Release|Win32
		{722E60F5-1FD2-40C8-B23C-FAC79EE6CFF5}.Release|x86.Build.0 = Release|Win32
		{6D4F5028-0E38-40BC-AEA5-48C2A207CFF6}.Debug|x64.ActiveCfg = Debug|x64
		{6D4F5028-0E38-40BC-AEA5-48C2A207CFF6}.Debug|x64.Build.0 = Debug|x64
		{6D4F5028-0E38-40BC-AEA5-48C2A207CFF6}.Debug|x86.ActiveCfg = Debug|Win32
		{6D4F5028-0E38-40BC-AEA5-48C2A207CFF6}.Debug|x86.Build.0 = Debug|Win32
		{6D4F5028-0E38-40BC-AEA5-48C2A207CFF6}.Release|x64.ActiveCfg = Release|x64
		{6D4F5028-0E38-40BC-AEA5-48C2A207CFF6}.Release|x64.Build.0 = Release|x64
		{6D4F5028-0E38-40BC-AEA5-48C2A207CFF6}.Release|x86.ActiveCfg = Release|Win32
		{6D4F5028-0E38-40BC-AEA5-48C2A207CFF6}.Release|x86.Build.0 = Release|Win32
		{152DEC70-F85C-4BCB-A53E-3633B2206759}.Debug|x64.ActiveCfg = Debug|x64
		{152DEC70-F85C-4BCB-A53E-3633B2206759}.Debug|x64.Build.0 = Debug|x64
		{152DEC70-F85C-4BCB-A53E-3633B2206759}.Debug|x86.ActiveCfg = Debug|Win32
		{152DEC70-F85C-4BCB-A53E-3633B2206759}.Debug|x86.Build.0 = Debug|Win32
		{152DEC70-F85C-4BCB-A53E-3633B2206759}.Release|x64.ActiveCfg = Release|x64
		{152DEC70-F85C-4BCB-A53E-3633B2206759}.Release|x64.Build.0 = Release|x64
		{152DEC70-F85C-4BCB-A53E-3633B2206759}.Release|x86.ActiveCfg = Release|Win32
		{152DEC70-F85C-4BCB-A53E-3633B2206759}.Release|x86.Build.0 = Release|Win32
	EndGlobalSection
	GlobalSection(SolutionProperties) = preSolution
		HideSolutionNode = FALSE
	EndGlobalSection
EndGlobal
